// !$*UTF8*$!
{
	archiveVersion = 1;
	classes = {
	};
	objectVersion = 50;
	objects = {

/* Begin PBXBuildFile section */
		69039FF622829B2F00637919 /* AppDelegate.swift in Sources */ = {isa = PBXBuildFile; fileRef = 69039FF522829B2F00637919 /* AppDelegate.swift */; };
		69039FF822829B2F00637919 /* GameScene.sks in Resources */ = {isa = PBXBuildFile; fileRef = 69039FF722829B2F00637919 /* GameScene.sks */; };
		69039FFA22829B2F00637919 /* Actions.sks in Resources */ = {isa = PBXBuildFile; fileRef = 69039FF922829B2F00637919 /* Actions.sks */; };
		69039FFC22829B2F00637919 /* GameScene.swift in Sources */ = {isa = PBXBuildFile; fileRef = 69039FFB22829B2F00637919 /* GameScene.swift */; };
		69039FFE22829B2F00637919 /* GameViewController.swift in Sources */ = {isa = PBXBuildFile; fileRef = 69039FFD22829B2F00637919 /* GameViewController.swift */; };
		6903A00122829B2F00637919 /* Main.storyboard in Resources */ = {isa = PBXBuildFile; fileRef = 69039FFF22829B2F00637919 /* Main.storyboard */; };
		6903A00322829B3100637919 /* Assets.xcassets in Resources */ = {isa = PBXBuildFile; fileRef = 6903A00222829B3100637919 /* Assets.xcassets */; };
		6903A00622829B3100637919 /* LaunchScreen.storyboard in Resources */ = {isa = PBXBuildFile; fileRef = 6903A00422829B3100637919 /* LaunchScreen.storyboard */; };
		6903A01122829B3200637919 /* MoveBallTests.swift in Sources */ = {isa = PBXBuildFile; fileRef = 6903A01022829B3200637919 /* MoveBallTests.swift */; };
		6903A01C22829B3200637919 /* MoveBallUITests.swift in Sources */ = {isa = PBXBuildFile; fileRef = 6903A01B22829B3200637919 /* MoveBallUITests.swift */; };
/* End PBXBuildFile section */

/* Begin PBXContainerItemProxy section */
		6903A00D22829B3200637919 /* PBXContainerItemProxy */ = {
			isa = PBXContainerItemProxy;
			containerPortal = 69039FEA22829B2F00637919 /* Project object */;
			proxyType = 1;
			remoteGlobalIDString = 69039FF122829B2F00637919;
			remoteInfo = MoveBall;
		};
		6903A01822829B3200637919 /* PBXContainerItemProxy */ = {
			isa = PBXContainerItemProxy;
			containerPortal = 69039FEA22829B2F00637919 /* Project object */;
			proxyType = 1;
			remoteGlobalIDString = 69039FF122829B2F00637919;
			remoteInfo = MoveBall;
		};
/* End PBXContainerItemProxy section */

/* Begin PBXFileReference section */
		69039FF222829B2F00637919 /* MoveBall.app */ = {isa = PBXFileReference; explicitFileType = wrapper.application; includeInIndex = 0; path = MoveBall.app; sourceTree = BUILT_PRODUCTS_DIR; };
		69039FF522829B2F00637919 /* AppDelegate.swift */ = {isa = PBXFileReference; lastKnownFileType = sourcecode.swift; path = AppDelegate.swift; sourceTree = "<group>"; };
		69039FF722829B2F00637919 /* GameScene.sks */ = {isa = PBXFileReference; lastKnownFileType = file.sks; path = GameScene.sks; sourceTree = "<group>"; };
		69039FF922829B2F00637919 /* Actions.sks */ = {isa = PBXFileReference; lastKnownFileType = file.sks; path = Actions.sks; sourceTree = "<group>"; };
		69039FFB22829B2F00637919 /* GameScene.swift */ = {isa = PBXFileReference; lastKnownFileType = sourcecode.swift; path = GameScene.swift; sourceTree = "<group>"; };
		69039FFD22829B2F00637919 /* GameViewController.swift */ = {isa = PBXFileReference; lastKnownFileType = sourcecode.swift; path = GameViewController.swift; sourceTree = "<group>"; };
		6903A00022829B2F00637919 /* Base */ = {isa = PBXFileReference; lastKnownFileType = file.storyboard; name = Base; path = Base.lproj/Main.storyboard; sourceTree = "<group>"; };
		6903A00222829B3100637919 /* Assets.xcassets */ = {isa = PBXFileReference; lastKnownFileType = folder.assetcatalog; path = Assets.xcassets; sourceTree = "<group>"; };
		6903A00522829B3100637919 /* Base */ = {isa = PBXFileReference; lastKnownFileType = file.storyboard; name = Base; path = Base.lproj/LaunchScreen.storyboard; sourceTree = "<group>"; };
		6903A00722829B3100637919 /* Info.plist */ = {isa = PBXFileReference; lastKnownFileType = text.plist.xml; path = Info.plist; sourceTree = "<group>"; };
		6903A00C22829B3200637919 /* MoveBallTests.xctest */ = {isa = PBXFileReference; explicitFileType = wrapper.cfbundle; includeInIndex = 0; path = MoveBallTests.xctest; sourceTree = BUILT_PRODUCTS_DIR; };
		6903A01022829B3200637919 /* MoveBallTests.swift */ = {isa = PBXFileReference; lastKnownFileType = sourcecode.swift; path = MoveBallTests.swift; sourceTree = "<group>"; };
		6903A01222829B3200637919 /* Info.plist */ = {isa = PBXFileReference; lastKnownFileType = text.plist.xml; path = Info.plist; sourceTree = "<group>"; };
		6903A01722829B3200637919 /* MoveBallUITests.xctest */ = {isa = PBXFileReference; explicitFileType = wrapper.cfbundle; includeInIndex = 0; path = MoveBallUITests.xctest; sourceTree = BUILT_PRODUCTS_DIR; };
		6903A01B22829B3200637919 /* MoveBallUITests.swift */ = {isa = PBXFileReference; lastKnownFileType = sourcecode.swift; path = MoveBallUITests.swift; sourceTree = "<group>"; };
		6903A01D22829B3200637919 /* Info.plist */ = {isa = PBXFileReference; lastKnownFileType = text.plist.xml; path = Info.plist; sourceTree = "<group>"; };
/* End PBXFileReference section */

/* Begin PBXFrameworksBuildPhase section */
		69039FEF22829B2F00637919 /* Frameworks */ = {
			isa = PBXFrameworksBuildPhase;
			buildActionMask = 2147483647;
			files = (
			);
			runOnlyForDeploymentPostprocessing = 0;
		};
		6903A00922829B3200637919 /* Frameworks */ = {
			isa = PBXFrameworksBuildPhase;
			buildActionMask = 2147483647;
			files = (
			);
			runOnlyForDeploymentPostprocessing = 0;
		};
		6903A01422829B3200637919 /* Frameworks */ = {
			isa = PBXFrameworksBuildPhase;
			buildActionMask = 2147483647;
			files = (
			);
			runOnlyForDeploymentPostprocessing = 0;
		};
/* End PBXFrameworksBuildPhase section */

/* Begin PBXGroup section */
		69039FE922829B2F00637919 = {
			isa = PBXGroup;
			children = (
				69039FF422829B2F00637919 /* MoveBall */,
				6903A00F22829B3200637919 /* MoveBallTests */,
				6903A01A22829B3200637919 /* MoveBallUITests */,
				69039FF322829B2F00637919 /* Products */,
			);
			sourceTree = "<group>";
		};
		69039FF322829B2F00637919 /* Products */ = {
			isa = PBXGroup;
			children = (
				69039FF222829B2F00637919 /* MoveBall.app */,
				6903A00C22829B3200637919 /* MoveBallTests.xctest */,
				6903A01722829B3200637919 /* MoveBallUITests.xctest */,
			);
			name = Products;
			sourceTree = "<group>";
		};
		69039FF422829B2F00637919 /* MoveBall */ = {
			isa = PBXGroup;
			children = (
				69039FF522829B2F00637919 /* AppDelegate.swift */,
				69039FF722829B2F00637919 /* GameScene.sks */,
				69039FF922829B2F00637919 /* Actions.sks */,
				69039FFB22829B2F00637919 /* GameScene.swift */,
				69039FFD22829B2F00637919 /* GameViewController.swift */,
				69039FFF22829B2F00637919 /* Main.storyboard */,
				6903A00222829B3100637919 /* Assets.xcassets */,
				6903A00422829B3100637919 /* LaunchScreen.storyboard */,
				6903A00722829B3100637919 /* Info.plist */,
			);
			path = MoveBall;
			sourceTree = "<group>";
		};
		6903A00F22829B3200637919 /* MoveBallTests */ = {
			isa = PBXGroup;
			children = (
				6903A01022829B3200637919 /* MoveBallTests.swift */,
				6903A01222829B3200637919 /* Info.plist */,
			);
			path = MoveBallTests;
			sourceTree = "<group>";
		};
		6903A01A22829B3200637919 /* MoveBallUITests */ = {
			isa = PBXGroup;
			children = (
				6903A01B22829B3200637919 /* MoveBallUITests.swift */,
				6903A01D22829B3200637919 /* Info.plist */,
			);
			path = MoveBallUITests;
			sourceTree = "<group>";
		};
/* End PBXGroup section */

/* Begin PBXNativeTarget section */
		69039FF122829B2F00637919 /* MoveBall */ = {
			isa = PBXNativeTarget;
			buildConfigurationList = 6903A02022829B3200637919 /* Build configuration list for PBXNativeTarget "MoveBall" */;
			buildPhases = (
				69039FEE22829B2F00637919 /* Sources */,
				69039FEF22829B2F00637919 /* Frameworks */,
				69039FF022829B2F00637919 /* Resources */,
			);
			buildRules = (
			);
			dependencies = (
			);
			name = MoveBall;
			productName = MoveBall;
			productReference = 69039FF222829B2F00637919 /* MoveBall.app */;
			productType = "com.apple.product-type.application";
		};
		6903A00B22829B3200637919 /* MoveBallTests */ = {
			isa = PBXNativeTarget;
			buildConfigurationList = 6903A02322829B3200637919 /* Build configuration list for PBXNativeTarget "MoveBallTests" */;
			buildPhases = (
				6903A00822829B3200637919 /* Sources */,
				6903A00922829B3200637919 /* Frameworks */,
				6903A00A22829B3200637919 /* Resources */,
			);
			buildRules = (
			);
			dependencies = (
				6903A00E22829B3200637919 /* PBXTargetDependency */,
			);
			name = MoveBallTests;
			productName = MoveBallTests;
			productReference = 6903A00C22829B3200637919 /* MoveBallTests.xctest */;
			productType = "com.apple.product-type.bundle.unit-test";
		};
		6903A01622829B3200637919 /* MoveBallUITests */ = {
			isa = PBXNativeTarget;
			buildConfigurationList = 6903A02622829B3200637919 /* Build configuration list for PBXNativeTarget "MoveBallUITests" */;
			buildPhases = (
				6903A01322829B3200637919 /* Sources */,
				6903A01422829B3200637919 /* Frameworks */,
				6903A01522829B3200637919 /* Resources */,
			);
			buildRules = (
			);
			dependencies = (
				6903A01922829B3200637919 /* PBXTargetDependency */,
			);
			name = MoveBallUITests;
			productName = MoveBallUITests;
			productReference = 6903A01722829B3200637919 /* MoveBallUITests.xctest */;
			productType = "com.apple.product-type.bundle.ui-testing";
		};
/* End PBXNativeTarget section */

/* Begin PBXProject section */
		69039FEA22829B2F00637919 /* Project object */ = {
			isa = PBXProject;
			attributes = {
				LastSwiftUpdateCheck = 1020;
				LastUpgradeCheck = 1020;
				ORGANIZATIONNAME = "Vamsi Ghorakavi";
				TargetAttributes = {
					69039FF122829B2F00637919 = {
						CreatedOnToolsVersion = 10.2.1;
					};
					6903A00B22829B3200637919 = {
						CreatedOnToolsVersion = 10.2.1;
						TestTargetID = 69039FF122829B2F00637919;
					};
					6903A01622829B3200637919 = {
						CreatedOnToolsVersion = 10.2.1;
						TestTargetID = 69039FF122829B2F00637919;
					};
				};
			};
			buildConfigurationList = 69039FED22829B2F00637919 /* Build configuration list for PBXProject "MoveBall" */;
			compatibilityVersion = "Xcode 9.3";
			developmentRegion = en;
			hasScannedForEncodings = 0;
			knownRegions = (
				en,
				Base,
			);
			mainGroup = 69039FE922829B2F00637919;
			productRefGroup = 69039FF322829B2F00637919 /* Products */;
			projectDirPath = "";
			projectRoot = "";
			targets = (
				69039FF122829B2F00637919 /* MoveBall */,
				6903A00B22829B3200637919 /* MoveBallTests */,
				6903A01622829B3200637919 /* MoveBallUITests */,
			);
		};
/* End PBXProject section */

/* Begin PBXResourcesBuildPhase section */
		69039FF022829B2F00637919 /* Resources */ = {
			isa = PBXResourcesBuildPhase;
			buildActionMask = 2147483647;
			files = (
				6903A00122829B2F00637919 /* Main.storyboard in Resources */,
				69039FF822829B2F00637919 /* GameScene.sks in Resources */,
				6903A00322829B3100637919 /* Assets.xcassets in Resources */,
				6903A00622829B3100637919 /* LaunchScreen.storyboard in Resources */,
				69039FFA22829B2F00637919 /* Actions.sks in Resources */,
			);
			runOnlyForDeploymentPostprocessing = 0;
		};
		6903A00A22829B3200637919 /* Resources */ = {
			isa = PBXResourcesBuildPhase;
			buildActionMask = 2147483647;
			files = (
			);
			runOnlyForDeploymentPostprocessing = 0;
		};
		6903A01522829B3200637919 /* Resources */ = {
			isa = PBXResourcesBuildPhase;
			buildActionMask = 2147483647;
			files = (
			);
			runOnlyForDeploymentPostprocessing = 0;
		};
/* End PBXResourcesBuildPhase section */

/* Begin PBXSourcesBuildPhase section */
		69039FEE22829B2F00637919 /* Sources */ = {
			isa = PBXSourcesBuildPhase;
			buildActionMask = 2147483647;
			files = (
				69039FFC22829B2F00637919 /* GameScene.swift in Sources */,
				69039FFE22829B2F00637919 /* GameViewController.swift in Sources */,
				69039FF622829B2F00637919 /* AppDelegate.swift in Sources */,
			);
			runOnlyForDeploymentPostprocessing = 0;
		};
		6903A00822829B3200637919 /* Sources */ = {
			isa = PBXSourcesBuildPhase;
			buildActionMask = 2147483647;
			files = (
				6903A01122829B3200637919 /* MoveBallTests.swift in Sources */,
			);
			runOnlyForDeploymentPostprocessing = 0;
		};
		6903A01322829B3200637919 /* Sources */ = {
			isa = PBXSourcesBuildPhase;
			buildActionMask = 2147483647;
			files = (
				6903A01C22829B3200637919 /* MoveBallUITests.swift in Sources */,
			);
			runOnlyForDeploymentPostprocessing = 0;
		};
/* End PBXSourcesBuildPhase section */

/* Begin PBXTargetDependency section */
		6903A00E22829B3200637919 /* PBXTargetDependency */ = {
			isa = PBXTargetDependency;
			target = 69039FF122829B2F00637919 /* MoveBall */;
			targetProxy = 6903A00D22829B3200637919 /* PBXContainerItemProxy */;
		};
		6903A01922829B3200637919 /* PBXTargetDependency */ = {
			isa = PBXTargetDependency;
			target = 69039FF122829B2F00637919 /* MoveBall */;
			targetProxy = 6903A01822829B3200637919 /* PBXContainerItemProxy */;
		};
/* End PBXTargetDependency section */

/* Begin PBXVariantGroup section */
		69039FFF22829B2F00637919 /* Main.storyboard */ = {
			isa = PBXVariantGroup;
			children = (
				6903A00022829B2F00637919 /* Base */,
			);
			name = Main.storyboard;
			sourceTree = "<group>";
		};
		6903A00422829B3100637919 /* LaunchScreen.storyboard */ = {
			isa = PBXVariantGroup;
			children = (
				6903A00522829B3100637919 /* Base */,
			);
			name = LaunchScreen.storyboard;
			sourceTree = "<group>";
		};
/* End PBXVariantGroup section */

/* Begin XCBuildConfiguration section */
		6903A01E22829B3200637919 /* Debug */ = {
			isa = XCBuildConfiguration;
			buildSettings = {
				ALWAYS_SEARCH_USER_PATHS = NO;
				CLANG_ANALYZER_NONNULL = YES;
				CLANG_ANALYZER_NUMBER_OBJECT_CONVERSION = YES_AGGRESSIVE;
				CLANG_CXX_LANGUAGE_STANDARD = "gnu++14";
				CLANG_CXX_LIBRARY = "libc++";
				CLANG_ENABLE_MODULES = YES;
				CLANG_ENABLE_OBJC_ARC = YES;
				CLANG_ENABLE_OBJC_WEAK = YES;
				CLANG_WARN_BLOCK_CAPTURE_AUTORELEASING = YES;
				CLANG_WARN_BOOL_CONVERSION = YES;
				CLANG_WARN_COMMA = YES;
				CLANG_WARN_CONSTANT_CONVERSION = YES;
				CLANG_WARN_DEPRECATED_OBJC_IMPLEMENTATIONS = YES;
				CLANG_WARN_DIRECT_OBJC_ISA_USAGE = YES_ERROR;
				CLANG_WARN_DOCUMENTATION_COMMENTS = YES;
				CLANG_WARN_EMPTY_BODY = YES;
				CLANG_WARN_ENUM_CONVERSION = YES;
				CLANG_WARN_INFINITE_RECURSION = YES;
				CLANG_WARN_INT_CONVERSION = YES;
				CLANG_WARN_NON_LITERAL_NULL_CONVERSION = YES;
				CLANG_WARN_OBJC_IMPLICIT_RETAIN_SELF = YES;
				CLANG_WARN_OBJC_LITERAL_CONVERSION = YES;
				CLANG_WARN_OBJC_ROOT_CLASS = YES_ERROR;
				CLANG_WARN_RANGE_LOOP_ANALYSIS = YES;
				CLANG_WARN_STRICT_PROTOTYPES = YES;
				CLANG_WARN_SUSPICIOUS_MOVE = YES;
				CLANG_WARN_UNGUARDED_AVAILABILITY = YES_AGGRESSIVE;
				CLANG_WARN_UNREACHABLE_CODE = YES;
				CLANG_WARN__DUPLICATE_METHOD_MATCH = YES;
				CODE_SIGN_IDENTITY = "iPhone Developer";
				COPY_PHASE_STRIP = NO;
				DEBUG_INFORMATION_FORMAT = dwarf;
				ENABLE_STRICT_OBJC_MSGSEND = YES;
				ENABLE_TESTABILITY = YES;
				GCC_C_LANGUAGE_STANDARD = gnu11;
				GCC_DYNAMIC_NO_PIC = NO;
				GCC_NO_COMMON_BLOCKS = YES;
				GCC_OPTIMIZATION_LEVEL = 0;
				GCC_PREPROCESSOR_DEFINITIONS = (
					"DEBUG=1",
					"$(inherited)",
				);
				GCC_WARN_64_TO_32_BIT_CONVERSION = YES;
				GCC_WARN_ABOUT_RETURN_TYPE = YES_ERROR;
				GCC_WARN_UNDECLARED_SELECTOR = YES;
				GCC_WARN_UNINITIALIZED_AUTOS = YES_AGGRESSIVE;
				GCC_WARN_UNUSED_FUNCTION = YES;
				GCC_WARN_UNUSED_VARIABLE = YES;
				IPHONEOS_DEPLOYMENT_TARGET = 12.2;
				MTL_ENABLE_DEBUG_INFO = INCLUDE_SOURCE;
				MTL_FAST_MATH = YES;
				ONLY_ACTIVE_ARCH = YES;
				SDKROOT = iphoneos;
				SWIFT_ACTIVE_COMPILATION_CONDITIONS = DEBUG;
				SWIFT_OPTIMIZATION_LEVEL = "-Onone";
			};
			name = Debug;
		};
		6903A01F22829B3200637919 /* Release */ = {
			isa = XCBuildConfiguration;
			buildSettings = {
				ALWAYS_SEARCH_USER_PATHS = NO;
				CLANG_ANALYZER_NONNULL = YES;
				CLANG_ANALYZER_NUMBER_OBJECT_CONVERSION = YES_AGGRESSIVE;
				CLANG_CXX_LANGUAGE_STANDARD = "gnu++14";
				CLANG_CXX_LIBRARY = "libc++";
				CLANG_ENABLE_MODULES = YES;
				CLANG_ENABLE_OBJC_ARC = YES;
				CLANG_ENABLE_OBJC_WEAK = YES;
				CLANG_WARN_BLOCK_CAPTURE_AUTORELEASING = YES;
				CLANG_WARN_BOOL_CONVERSION = YES;
				CLANG_WARN_COMMA = YES;
				CLANG_WARN_CONSTANT_CONVERSION = YES;
				CLANG_WARN_DEPRECATED_OBJC_IMPLEMENTATIONS = YES;
				CLANG_WARN_DIRECT_OBJC_ISA_USAGE = YES_ERROR;
				CLANG_WARN_DOCUMENTATION_COMMENTS = YES;
				CLANG_WARN_EMPTY_BODY = YES;
				CLANG_WARN_ENUM_CONVERSION = YES;
				CLANG_WARN_INFINITE_RECURSION = YES;
				CLANG_WARN_INT_CONVERSION = YES;
				CLANG_WARN_NON_LITERAL_NULL_CONVERSION = YES;
				CLANG_WARN_OBJC_IMPLICIT_RETAIN_SELF = YES;
				CLANG_WARN_OBJC_LITERAL_CONVERSION = YES;
				CLANG_WARN_OBJC_ROOT_CLASS = YES_ERROR;
				CLANG_WARN_RANGE_LOOP_ANALYSIS = YES;
				CLANG_WARN_STRICT_PROTOTYPES = YES;
				CLANG_WARN_SUSPICIOUS_MOVE = YES;
				CLANG_WARN_UNGUARDED_AVAILABILITY = YES_AGGRESSIVE;
				CLANG_WARN_UNREACHABLE_CODE = YES;
				CLANG_WARN__DUPLICATE_METHOD_MATCH = YES;
				CODE_SIGN_IDENTITY = "iPhone Developer";
				COPY_PHASE_STRIP = NO;
				DEBUG_INFORMATION_FORMAT = "dwarf-with-dsym";
				ENABLE_NS_ASSERTIONS = NO;
				ENABLE_STRICT_OBJC_MSGSEND = YES;
				GCC_C_LANGUAGE_STANDARD = gnu11;
				GCC_NO_COMMON_BLOCKS = YES;
				GCC_WARN_64_TO_32_BIT_CONVERSION = YES;
				GCC_WARN_ABOUT_RETURN_TYPE = YES_ERROR;
				GCC_WARN_UNDECLARED_SELECTOR = YES;
				GCC_WARN_UNINITIALIZED_AUTOS = YES_AGGRESSIVE;
				GCC_WARN_UNUSED_FUNCTION = YES;
				GCC_WARN_UNUSED_VARIABLE = YES;
				IPHONEOS_DEPLOYMENT_TARGET = 12.2;
				MTL_ENABLE_DEBUG_INFO = NO;
				MTL_FAST_MATH = YES;
				SDKROOT = iphoneos;
				SWIFT_COMPILATION_MODE = wholemodule;
				SWIFT_OPTIMIZATION_LEVEL = "-O";
				VALIDATE_PRODUCT = YES;
			};
			name = Release;
		};
		6903A02122829B3200637919 /* Debug */ = {
			isa = XCBuildConfiguration;
			buildSettings = {
				ASSETCATALOG_COMPILER_APPICON_NAME = AppIcon;
				CODE_SIGN_STYLE = Automatic;
				INFOPLIST_FILE = MoveBall/Info.plist;
				LD_RUNPATH_SEARCH_PATHS = (
					"$(inherited)",
					"@executable_path/Frameworks",
				);
				PRODUCT_BUNDLE_IDENTIFIER = VamsiGProductions.MoveBall;
				PRODUCT_NAME = "$(TARGET_NAME)";
				SWIFT_VERSION = 5.0;
				TARGETED_DEVICE_FAMILY = "1,2";
			};
			name = Debug;
		};
		6903A02222829B3200637919 /* Release */ = {
			isa = XCBuildConfiguration;
			buildSettings = {
				ASSETCATALOG_COMPILER_APPICON_NAME = AppIcon;
				CODE_SIGN_STYLE = Automatic;
				INFOPLIST_FILE = MoveBall/Info.plist;
				LD_RUNPATH_SEARCH_PATHS = (
					"$(inherited)",
					"@executable_path/Frameworks",
				);
				PRODUCT_BUNDLE_IDENTIFIER = VamsiGProductions.MoveBall;
				PRODUCT_NAME = "$(TARGET_NAME)";
				SWIFT_VERSION = 5.0;
				TARGETED_DEVICE_FAMILY = "1,2";
			};
			name = Release;
		};
		6903A02422829B3200637919 /* Debug */ = {
			isa = XCBuildConfiguration;
			buildSettings = {
				ALWAYS_EMBED_SWIFT_STANDARD_LIBRARIES = YES;
				BUNDLE_LOADER = "$(TEST_HOST)";
				CODE_SIGN_STYLE = Automatic;
				INFOPLIST_FILE = MoveBallTests/Info.plist;
				LD_RUNPATH_SEARCH_PATHS = (
					"$(inherited)",
					"@executable_path/Frameworks",
					"@loader_path/Frameworks",
				);
				PRODUCT_BUNDLE_IDENTIFIER = VamsiGProductions.MoveBallTests;
				PRODUCT_NAME = "$(TARGET_NAME)";
				SWIFT_VERSION = 5.0;
				TARGETED_DEVICE_FAMILY = "1,2";
				TEST_HOST = "$(BUILT_PRODUCTS_DIR)/MoveBall.app/MoveBall";
			};
			name = Debug;
		};
		6903A02522829B3200637919 /* Release */ = {
			isa = XCBuildConfiguration;
			buildSettings = {
				ALWAYS_EMBED_SWIFT_STANDARD_LIBRARIES = YES;
				BUNDLE_LOADER = "$(TEST_HOST)";
				CODE_SIGN_STYLE = Automatic;
				INFOPLIST_FILE = MoveBallTests/Info.plist;
				LD_RUNPATH_SEARCH_PATHS = (
					"$(inherited)",
					"@executable_path/Frameworks",
					"@loader_path/Frameworks",
				);
				PRODUCT_BUNDLE_IDENTIFIER = VamsiGProductions.MoveBallTests;
				PRODUCT_NAME = "$(TARGET_NAME)";
				SWIFT_VERSION = 5.0;
				TARGETED_DEVICE_FAMILY = "1,2";
				TEST_HOST = "$(BUILT_PRODUCTS_DIR)/MoveBall.app/MoveBall";
			};
			name = Release;
		};
		6903A02722829B3200637919 /* Debug */ = {
			isa = XCBuildConfiguration;
			buildSettings = {
				ALWAYS_EMBED_SWIFT_STANDARD_LIBRARIES = YES;
				CODE_SIGN_STYLE = Automatic;
				INFOPLIST_FILE = MoveBallUITests/Info.plist;
				LD_RUNPATH_SEARCH_PATHS = (
					"$(inherited)",
					"@executable_path/Frameworks",
					"@loader_path/Frameworks",
				);
				PRODUCT_BUNDLE_IDENTIFIER = VamsiGProductions.MoveBallUITests;
				PRODUCT_NAME = "$(TARGET_NAME)";
				SWIFT_VERSION = 5.0;
				TARGETED_DEVICE_FAMILY = "1,2";
				TEST_TARGET_NAME = MoveBall;
			};
			name = Debug;
		};
		6903A02822829B3200637919 /* Release */ = {
			isa = XCBuildConfiguration;
			buildSettings = {
				ALWAYS_EMBED_SWIFT_STANDARD_LIBRARIES = YES;
				CODE_SIGN_STYLE = Automatic;
				INFOPLIST_FILE = MoveBallUITests/Info.plist;
				LD_RUNPATH_SEARCH_PATHS = (
					"$(inherited)",
					"@executable_path/Frameworks",
					"@loader_path/Frameworks",
				);
				PRODUCT_BUNDLE_IDENTIFIER = VamsiGProductions.MoveBallUITests;
				PRODUCT_NAME = "$(TARGET_NAME)";
				SWIFT_VERSION = 5.0;
				TARGETED_DEVICE_FAMILY = "1,2";
				TEST_TARGET_NAME = MoveBall;
			};
			name = Release;
		};
/* End XCBuildConfiguration section */

/* Begin XCConfigurationList section */
		69039FED22829B2F00637919 /* Build configuration list for PBXProject "MoveBall" */ = {
			isa = XCConfigurationList;
			buildConfigurations = (
				6903A01E22829B3200637919 /* Debug */,
				6903A01F22829B3200637919 /* Release */,
			);
			defaultConfigurationIsVisible = 0;
			defaultConfigurationName = Release;
		};
		6903A02022829B3200637919 /* Build configuration list for PBXNativeTarget "MoveBall" */ = {
			isa = XCConfigurationList;
			buildConfigurations = (
				6903A02122829B3200637919 /* Debug */,
				6903A02222829B3200637919 /* Release */,
			);
			defaultConfigurationIsVisible = 0;
			defaultConfigurationName = Release;
		};
		6903A02322829B3200637919 /* Build configuration list for PBXNativeTarget "MoveBallTests" */ = {
			isa = XCConfigurationList;
			buildConfigurations = (
				6903A02422829B3200637919 /* Debug */,
				6903A02522829B3200637919 /* Release */,
			);
			defaultConfigurationIsVisible = 0;
			defaultConfigurationName = Release;
		};
		6903A02622829B3200637919 /* Build configuration list for PBXNativeTarget "MoveBallUITests" */ = {
			isa = XCConfigurationList;
			buildConfigurations = (
				6903A02722829B3200637919 /* Debug */,
				6903A02822829B3200637919 /* Release */,
			);
			defaultConfigurationIsVisible = 0;
			defaultConfigurationName = Release;
		};
/* End XCConfigurationList section */
	};
	rootObject = 69039FEA22829B2F00637919 /* Project object */;
}
